
Microsoft Visual Studio Solution File, Format Version 12.00
# Visual Studio Version 16
VisualStudioVersion = 16.0.32002.261
MinimumVisualStudioVersion = 10.0.40219.1
Project("{FAE04EC0-301F-11D3-BF4B-00C04F79EFBC}") = "OpenModInstaller", "OpenModInstaller\OpenModInstaller.csproj", "{2EC8C102-99A4-4ED3-B995-C8DB195BA1FD}"
EndProject
Global
	GlobalSection(SolutionConfigurationPlatforms) = preSolution
		Debug|Any CPU = Debug|Any CPU
		Release|Any CPU = Release|Any CPU
	EndGlobalSection
	GlobalSection(ProjectConfigurationPlatforms) = postSolution
		{2EC8C102-99A4-4ED3-B995-C8DB195BA1FD}.Debug|Any CPU.ActiveCfg = Debug|Any CPU
		{2EC8C102-99A4-4ED3-B995-C8DB195BA1FD}.Debug|Any CPU.Build.0 = Debug|Any CPU
		{2EC8C102-99A4-4ED3-B995-C8DB195BA1FD}.Release|Any CPU.ActiveCfg = Release|Any CPU
		{2EC8C102-99A4-4ED3-B995-C8DB195BA1FD}.Release|Any CPU.Build.0 = Release|Any CPU
	EndGlobalSection
	GlobalSection(SolutionProperties) = preSolution
		HideSolutionNode = FALSE
	EndGlobalSection
	GlobalSection(ExtensibilityGlobals) = postSolution
		SolutionGuid = {ADC0006C-B0C6-45B3-9787-ECAB60A30ECA}
	EndGlobalSection
EndGlobal
